// !$*UTF8*$!
{
	archiveVersion = 1;
	classes = {
	};
	objectVersion = 56;
	objects = {

/* Begin PBXBuildFile section */
		B56632C82C723F8100AD85A1 /* AppDelegate.swift in Sources */ = {isa = PBXBuildFile; fileRef = B56632C72C723F8100AD85A1 /* AppDelegate.swift */; };
		B56632CA2C723F8100AD85A1 /* SceneDelegate.swift in Sources */ = {isa = PBXBuildFile; fileRef = B56632C92C723F8100AD85A1 /* SceneDelegate.swift */; };
		B56632CE2C723F8200AD85A1 /* Assets.xcassets in Resources */ = {isa = PBXBuildFile; fileRef = B56632CD2C723F8200AD85A1 /* Assets.xcassets */; };
		B56632D12C723F8200AD85A1 /* LaunchScreen.storyboard in Resources */ = {isa = PBXBuildFile; fileRef = B56632CF2C723F8200AD85A1 /* LaunchScreen.storyboard */; };
		B56632D92C72409600AD85A1 /* SearchBookViewController.swift in Sources */ = {isa = PBXBuildFile; fileRef = B56632D82C72409600AD85A1 /* SearchBookViewController.swift */; };
		B56632DB2C7240A200AD85A1 /* BookDetailViewController.swift in Sources */ = {isa = PBXBuildFile; fileRef = B56632DA2C7240A200AD85A1 /* BookDetailViewController.swift */; };
		B56632DD2C7240B200AD85A1 /* FavoriteBooksViewController.swift in Sources */ = {isa = PBXBuildFile; fileRef = B56632DC2C7240B200AD85A1 /* FavoriteBooksViewController.swift */; };
		B56632EA2C72421100AD85A1 /* NetworkManager.swift in Sources */ = {isa = PBXBuildFile; fileRef = B56632E12C72421100AD85A1 /* NetworkManager.swift */; };
		B56632EC2C72421100AD85A1 /* APIEnpoint.swift in Sources */ = {isa = PBXBuildFile; fileRef = B56632E52C72421100AD85A1 /* APIEnpoint.swift */; };
		B56632ED2C72421100AD85A1 /* Requestable.swift in Sources */ = {isa = PBXBuildFile; fileRef = B56632E62C72421100AD85A1 /* Requestable.swift */; };
		B56632EE2C72421100AD85A1 /* ResponseRequestable.swift in Sources */ = {isa = PBXBuildFile; fileRef = B56632E72C72421100AD85A1 /* ResponseRequestable.swift */; };
		B56632EF2C72421100AD85A1 /* NetworkLogger.swift in Sources */ = {isa = PBXBuildFile; fileRef = B56632E82C72421100AD85A1 /* NetworkLogger.swift */; };
		B56632F02C72421100AD85A1 /* Endpoint.swift in Sources */ = {isa = PBXBuildFile; fileRef = B56632E92C72421100AD85A1 /* Endpoint.swift */; };
		B56632F32C72440400AD85A1 /* AppConfiguration.swift in Sources */ = {isa = PBXBuildFile; fileRef = B56632F22C72440400AD85A1 /* AppConfiguration.swift */; };
		B56632F82C72478000AD85A1 /* NetworkConfigurable.swift in Sources */ = {isa = PBXBuildFile; fileRef = B56632F72C72478000AD85A1 /* NetworkConfigurable.swift */; };
		B56632FA2C7247F900AD85A1 /* SearchBookModel.swift in Sources */ = {isa = PBXBuildFile; fileRef = B56632F92C7247F900AD85A1 /* SearchBookModel.swift */; };
/* End PBXBuildFile section */

/* Begin PBXFileReference section */
		B56632C42C723F8100AD85A1 /* ExBookLibrary.app */ = {isa = PBXFileReference; explicitFileType = wrapper.application; includeInIndex = 0; path = ExBookLibrary.app; sourceTree = BUILT_PRODUCTS_DIR; };
		B56632C72C723F8100AD85A1 /* AppDelegate.swift */ = {isa = PBXFileReference; lastKnownFileType = sourcecode.swift; path = AppDelegate.swift; sourceTree = "<group>"; };
		B56632C92C723F8100AD85A1 /* SceneDelegate.swift */ = {isa = PBXFileReference; lastKnownFileType = sourcecode.swift; path = SceneDelegate.swift; sourceTree = "<group>"; };
		B56632CD2C723F8200AD85A1 /* Assets.xcassets */ = {isa = PBXFileReference; lastKnownFileType = folder.assetcatalog; path = Assets.xcassets; sourceTree = "<group>"; };
		B56632D02C723F8200AD85A1 /* Base */ = {isa = PBXFileReference; lastKnownFileType = file.storyboard; name = Base; path = Base.lproj/LaunchScreen.storyboard; sourceTree = "<group>"; };
		B56632D22C723F8200AD85A1 /* Info.plist */ = {isa = PBXFileReference; lastKnownFileType = text.plist.xml; path = Info.plist; sourceTree = "<group>"; };
		B56632D82C72409600AD85A1 /* SearchBookViewController.swift */ = {isa = PBXFileReference; lastKnownFileType = sourcecode.swift; path = SearchBookViewController.swift; sourceTree = "<group>"; };
		B56632DA2C7240A200AD85A1 /* BookDetailViewController.swift */ = {isa = PBXFileReference; lastKnownFileType = sourcecode.swift; path = BookDetailViewController.swift; sourceTree = "<group>"; };
		B56632DC2C7240B200AD85A1 /* FavoriteBooksViewController.swift */ = {isa = PBXFileReference; lastKnownFileType = sourcecode.swift; path = FavoriteBooksViewController.swift; sourceTree = "<group>"; };
		B56632E12C72421100AD85A1 /* NetworkManager.swift */ = {isa = PBXFileReference; fileEncoding = 4; lastKnownFileType = sourcecode.swift; path = NetworkManager.swift; sourceTree = "<group>"; };
		B56632E52C72421100AD85A1 /* APIEnpoint.swift */ = {isa = PBXFileReference; fileEncoding = 4; lastKnownFileType = sourcecode.swift; path = APIEnpoint.swift; sourceTree = "<group>"; };
		B56632E62C72421100AD85A1 /* Requestable.swift */ = {isa = PBXFileReference; fileEncoding = 4; lastKnownFileType = sourcecode.swift; path = Requestable.swift; sourceTree = "<group>"; };
		B56632E72C72421100AD85A1 /* ResponseRequestable.swift */ = {isa = PBXFileReference; fileEncoding = 4; lastKnownFileType = sourcecode.swift; path = ResponseRequestable.swift; sourceTree = "<group>"; };
		B56632E82C72421100AD85A1 /* NetworkLogger.swift */ = {isa = PBXFileReference; fileEncoding = 4; lastKnownFileType = sourcecode.swift; path = NetworkLogger.swift; sourceTree = "<group>"; };
		B56632E92C72421100AD85A1 /* Endpoint.swift */ = {isa = PBXFileReference; fileEncoding = 4; lastKnownFileType = sourcecode.swift; path = Endpoint.swift; sourceTree = "<group>"; };
		B56632F22C72440400AD85A1 /* AppConfiguration.swift */ = {isa = PBXFileReference; lastKnownFileType = sourcecode.swift; path = AppConfiguration.swift; sourceTree = "<group>"; };
		B56632F62C72451600AD85A1 /* Secrets.xcconfig */ = {isa = PBXFileReference; lastKnownFileType = text.xcconfig; path = Secrets.xcconfig; sourceTree = "<group>"; };
		B56632F72C72478000AD85A1 /* NetworkConfigurable.swift */ = {isa = PBXFileReference; lastKnownFileType = sourcecode.swift; path = NetworkConfigurable.swift; sourceTree = "<group>"; };
		B56632F92C7247F900AD85A1 /* SearchBookModel.swift */ = {isa = PBXFileReference; lastKnownFileType = sourcecode.swift; path = SearchBookModel.swift; sourceTree = "<group>"; };
/* End PBXFileReference section */

/* Begin PBXFrameworksBuildPhase section */
		B56632C12C723F8100AD85A1 /* Frameworks */ = {
			isa = PBXFrameworksBuildPhase;
			buildActionMask = 2147483647;
			files = (
			);
			runOnlyForDeploymentPostprocessing = 0;
		};
/* End PBXFrameworksBuildPhase section */

/* Begin PBXGroup section */
		B56632BB2C723F8100AD85A1 = {
			isa = PBXGroup;
			children = (
				B56632C62C723F8100AD85A1 /* ExBookLibrary */,
				B56632C52C723F8100AD85A1 /* Products */,
			);
			sourceTree = "<group>";
		};
		B56632C52C723F8100AD85A1 /* Products */ = {
			isa = PBXGroup;
			children = (
				B56632C42C723F8100AD85A1 /* ExBookLibrary.app */,
			);
			name = Products;
			sourceTree = "<group>";
		};
		B56632C62C723F8100AD85A1 /* ExBookLibrary */ = {
			isa = PBXGroup;
			children = (
				B56632DE2C72413E00AD85A1 /* App */,
				B56632F12C72426200AD85A1 /* SearchBookScene */,
				B56632DA2C7240A200AD85A1 /* BookDetailViewController.swift */,
				B56632DC2C7240B200AD85A1 /* FavoriteBooksViewController.swift */,
				B56632E02C72421100AD85A1 /* Netowork */,
				B56632CD2C723F8200AD85A1 /* Assets.xcassets */,
				B56632CF2C723F8200AD85A1 /* LaunchScreen.storyboard */,
				B56632D22C723F8200AD85A1 /* Info.plist */,
				B56632F62C72451600AD85A1 /* Secrets.xcconfig */,
			);
			path = ExBookLibrary;
			sourceTree = "<group>";
		};
		B56632DE2C72413E00AD85A1 /* App */ = {
			isa = PBXGroup;
			children = (
				B56632C72C723F8100AD85A1 /* AppDelegate.swift */,
				B56632C92C723F8100AD85A1 /* SceneDelegate.swift */,
				B56632F22C72440400AD85A1 /* AppConfiguration.swift */,
			);
			path = App;
			sourceTree = "<group>";
		};
		B56632E02C72421100AD85A1 /* Netowork */ = {
			isa = PBXGroup;
			children = (
				B56632E12C72421100AD85A1 /* NetworkManager.swift */,
				B56632E22C72421100AD85A1 /* DataMapping */,
				B56632E42C72421100AD85A1 /* Enpoint */,
				B56632F72C72478000AD85A1 /* NetworkConfigurable.swift */,
			);
			path = Netowork;
			sourceTree = "<group>";
		};
		B56632E22C72421100AD85A1 /* DataMapping */ = {
			isa = PBXGroup;
			children = (
			);
			path = DataMapping;
			sourceTree = "<group>";
		};
		B56632E42C72421100AD85A1 /* Enpoint */ = {
			isa = PBXGroup;
			children = (
				B56632E52C72421100AD85A1 /* APIEnpoint.swift */,
				B56632E62C72421100AD85A1 /* Requestable.swift */,
				B56632E72C72421100AD85A1 /* ResponseRequestable.swift */,
				B56632E82C72421100AD85A1 /* NetworkLogger.swift */,
				B56632E92C72421100AD85A1 /* Endpoint.swift */,
			);
			path = Enpoint;
			sourceTree = "<group>";
		};
		B56632F12C72426200AD85A1 /* SearchBookScene */ = {
			isa = PBXGroup;
			children = (
				B56632F92C7247F900AD85A1 /* SearchBookModel.swift */,
				B56632D82C72409600AD85A1 /* SearchBookViewController.swift */,
			);
			path = SearchBookScene;
			sourceTree = "<group>";
		};
/* End PBXGroup section */

/* Begin PBXNativeTarget section */
		B56632C32C723F8100AD85A1 /* ExBookLibrary */ = {
			isa = PBXNativeTarget;
			buildConfigurationList = B56632D52C723F8200AD85A1 /* Build configuration list for PBXNativeTarget "ExBookLibrary" */;
			buildPhases = (
				B56632C02C723F8100AD85A1 /* Sources */,
				B56632C12C723F8100AD85A1 /* Frameworks */,
				B56632C22C723F8100AD85A1 /* Resources */,
			);
			buildRules = (
			);
			dependencies = (
			);
			name = ExBookLibrary;
			productName = ExBookLibrary;
			productReference = B56632C42C723F8100AD85A1 /* ExBookLibrary.app */;
			productType = "com.apple.product-type.application";
		};
/* End PBXNativeTarget section */

/* Begin PBXProject section */
		B56632BC2C723F8100AD85A1 /* Project object */ = {
			isa = PBXProject;
			attributes = {
				BuildIndependentTargetsInParallel = 1;
				LastSwiftUpdateCheck = 1520;
				LastUpgradeCheck = 1520;
				TargetAttributes = {
					B56632C32C723F8100AD85A1 = {
						CreatedOnToolsVersion = 15.2;
					};
				};
			};
			buildConfigurationList = B56632BF2C723F8100AD85A1 /* Build configuration list for PBXProject "ExBookLibrary" */;
			compatibilityVersion = "Xcode 14.0";
			developmentRegion = en;
			hasScannedForEncodings = 0;
			knownRegions = (
				en,
				Base,
			);
			mainGroup = B56632BB2C723F8100AD85A1;
			productRefGroup = B56632C52C723F8100AD85A1 /* Products */;
			projectDirPath = "";
			projectRoot = "";
			targets = (
				B56632C32C723F8100AD85A1 /* ExBookLibrary */,
			);
		};
/* End PBXProject section */

/* Begin PBXResourcesBuildPhase section */
		B56632C22C723F8100AD85A1 /* Resources */ = {
			isa = PBXResourcesBuildPhase;
			buildActionMask = 2147483647;
			files = (
				B56632CE2C723F8200AD85A1 /* Assets.xcassets in Resources */,
				B56632D12C723F8200AD85A1 /* LaunchScreen.storyboard in Resources */,
			);
			runOnlyForDeploymentPostprocessing = 0;
		};
/* End PBXResourcesBuildPhase section */

/* Begin PBXSourcesBuildPhase section */
		B56632C02C723F8100AD85A1 /* Sources */ = {
			isa = PBXSourcesBuildPhase;
			buildActionMask = 2147483647;
			files = (
				B56632EA2C72421100AD85A1 /* NetworkManager.swift in Sources */,
				B56632DD2C7240B200AD85A1 /* FavoriteBooksViewController.swift in Sources */,
				B56632EE2C72421100AD85A1 /* ResponseRequestable.swift in Sources */,
				B56632EC2C72421100AD85A1 /* APIEnpoint.swift in Sources */,
				B56632FA2C7247F900AD85A1 /* SearchBookModel.swift in Sources */,
				B56632ED2C72421100AD85A1 /* Requestable.swift in Sources */,
				B56632D92C72409600AD85A1 /* SearchBookViewController.swift in Sources */,
				B56632F32C72440400AD85A1 /* AppConfiguration.swift in Sources */,
				B56632C82C723F8100AD85A1 /* AppDelegate.swift in Sources */,
				B56632CA2C723F8100AD85A1 /* SceneDelegate.swift in Sources */,
				B56632DB2C7240A200AD85A1 /* BookDetailViewController.swift in Sources */,
				B56632F02C72421100AD85A1 /* Endpoint.swift in Sources */,
				B56632EF2C72421100AD85A1 /* NetworkLogger.swift in Sources */,
				B56632F82C72478000AD85A1 /* NetworkConfigurable.swift in Sources */,
			);
			runOnlyForDeploymentPostprocessing = 0;
		};
/* End PBXSourcesBuildPhase section */

/* Begin PBXVariantGroup section */
		B56632CF2C723F8200AD85A1 /* LaunchScreen.storyboard */ = {
			isa = PBXVariantGroup;
			children = (
				B56632D02C723F8200AD85A1 /* Base */,
			);
			name = LaunchScreen.storyboard;
			sourceTree = "<group>";
		};
/* End PBXVariantGroup section */

/* Begin XCBuildConfiguration section */
		B56632D32C723F8200AD85A1 /* Debug */ = {
			isa = XCBuildConfiguration;
			buildSettings = {
				ALWAYS_SEARCH_USER_PATHS = NO;
				ASSETCATALOG_COMPILER_GENERATE_SWIFT_ASSET_SYMBOL_EXTENSIONS = YES;
				CLANG_ANALYZER_NONNULL = YES;
				CLANG_ANALYZER_NUMBER_OBJECT_CONVERSION = YES_AGGRESSIVE;
				CLANG_CXX_LANGUAGE_STANDARD = "gnu++20";
				CLANG_ENABLE_MODULES = YES;
				CLANG_ENABLE_OBJC_ARC = YES;
				CLANG_ENABLE_OBJC_WEAK = YES;
				CLANG_WARN_BLOCK_CAPTURE_AUTORELEASING = YES;
				CLANG_WARN_BOOL_CONVERSION = YES;
				CLANG_WARN_COMMA = YES;
				CLANG_WARN_CONSTANT_CONVERSION = YES;
				CLANG_WARN_DEPRECATED_OBJC_IMPLEMENTATIONS = YES;
				CLANG_WARN_DIRECT_OBJC_ISA_USAGE = YES_ERROR;
				CLANG_WARN_DOCUMENTATION_COMMENTS = YES;
				CLANG_WARN_EMPTY_BODY = YES;
				CLANG_WARN_ENUM_CONVERSION = YES;
				CLANG_WARN_INFINITE_RECURSION = YES;
				CLANG_WARN_INT_CONVERSION = YES;
				CLANG_WARN_NON_LITERAL_NULL_CONVERSION = YES;
				CLANG_WARN_OBJC_IMPLICIT_RETAIN_SELF = YES;
				CLANG_WARN_OBJC_LITERAL_CONVERSION = YES;
				CLANG_WARN_OBJC_ROOT_CLASS = YES_ERROR;
				CLANG_WARN_QUOTED_INCLUDE_IN_FRAMEWORK_HEADER = YES;
				CLANG_WARN_RANGE_LOOP_ANALYSIS = YES;
				CLANG_WARN_STRICT_PROTOTYPES = YES;
				CLANG_WARN_SUSPICIOUS_MOVE = YES;
				CLANG_WARN_UNGUARDED_AVAILABILITY = YES_AGGRESSIVE;
				CLANG_WARN_UNREACHABLE_CODE = YES;
				CLANG_WARN__DUPLICATE_METHOD_MATCH = YES;
				COPY_PHASE_STRIP = NO;
				DEBUG_INFORMATION_FORMAT = dwarf;
				ENABLE_STRICT_OBJC_MSGSEND = YES;
				ENABLE_TESTABILITY = YES;
				ENABLE_USER_SCRIPT_SANDBOXING = YES;
				GCC_C_LANGUAGE_STANDARD = gnu17;
				GCC_DYNAMIC_NO_PIC = NO;
				GCC_NO_COMMON_BLOCKS = YES;
				GCC_OPTIMIZATION_LEVEL = 0;
				GCC_PREPROCESSOR_DEFINITIONS = (
					"DEBUG=1",
					"$(inherited)",
				);
				GCC_WARN_64_TO_32_BIT_CONVERSION = YES;
				GCC_WARN_ABOUT_RETURN_TYPE = YES_ERROR;
				GCC_WARN_UNDECLARED_SELECTOR = YES;
				GCC_WARN_UNINITIALIZED_AUTOS = YES_AGGRESSIVE;
				GCC_WARN_UNUSED_FUNCTION = YES;
				GCC_WARN_UNUSED_VARIABLE = YES;
				IPHONEOS_DEPLOYMENT_TARGET = 17.2;
				LOCALIZATION_PREFERS_STRING_CATALOGS = YES;
				MTL_ENABLE_DEBUG_INFO = INCLUDE_SOURCE;
				MTL_FAST_MATH = YES;
				ONLY_ACTIVE_ARCH = YES;
				SDKROOT = iphoneos;
				SWIFT_ACTIVE_COMPILATION_CONDITIONS = "DEBUG $(inherited)";
				SWIFT_OPTIMIZATION_LEVEL = "-Onone";
			};
			name = Debug;
		};
		B56632D42C723F8200AD85A1 /* Release */ = {
			isa = XCBuildConfiguration;
			buildSettings = {
				ALWAYS_SEARCH_USER_PATHS = NO;
				ASSETCATALOG_COMPILER_GENERATE_SWIFT_ASSET_SYMBOL_EXTENSIONS = YES;
				CLANG_ANALYZER_NONNULL = YES;
				CLANG_ANALYZER_NUMBER_OBJECT_CONVERSION = YES_AGGRESSIVE;
				CLANG_CXX_LANGUAGE_STANDARD = "gnu++20";
				CLANG_ENABLE_MODULES = YES;
				CLANG_ENABLE_OBJC_ARC = YES;
				CLANG_ENABLE_OBJC_WEAK = YES;
				CLANG_WARN_BLOCK_CAPTURE_AUTORELEASING = YES;
				CLANG_WARN_BOOL_CONVERSION = YES;
				CLANG_WARN_COMMA = YES;
				CLANG_WARN_CONSTANT_CONVERSION = YES;
				CLANG_WARN_DEPRECATED_OBJC_IMPLEMENTATIONS = YES;
				CLANG_WARN_DIRECT_OBJC_ISA_USAGE = YES_ERROR;
				CLANG_WARN_DOCUMENTATION_COMMENTS = YES;
				CLANG_WARN_EMPTY_BODY = YES;
				CLANG_WARN_ENUM_CONVERSION = YES;
				CLANG_WARN_INFINITE_RECURSION = YES;
				CLANG_WARN_INT_CONVERSION = YES;
				CLANG_WARN_NON_LITERAL_NULL_CONVERSION = YES;
				CLANG_WARN_OBJC_IMPLICIT_RETAIN_SELF = YES;
				CLANG_WARN_OBJC_LITERAL_CONVERSION = YES;
				CLANG_WARN_OBJC_ROOT_CLASS = YES_ERROR;
				CLANG_WARN_QUOTED_INCLUDE_IN_FRAMEWORK_HEADER = YES;
				CLANG_WARN_RANGE_LOOP_ANALYSIS = YES;
				CLANG_WARN_STRICT_PROTOTYPES = YES;
				CLANG_WARN_SUSPICIOUS_MOVE = YES;
				CLANG_WARN_UNGUARDED_AVAILABILITY = YES_AGGRESSIVE;
				CLANG_WARN_UNREACHABLE_CODE = YES;
				CLANG_WARN__DUPLICATE_METHOD_MATCH = YES;
				COPY_PHASE_STRIP = NO;
				DEBUG_INFORMATION_FORMAT = "dwarf-with-dsym";
				ENABLE_NS_ASSERTIONS = NO;
				ENABLE_STRICT_OBJC_MSGSEND = YES;
				ENABLE_USER_SCRIPT_SANDBOXING = YES;
				GCC_C_LANGUAGE_STANDARD = gnu17;
				GCC_NO_COMMON_BLOCKS = YES;
				GCC_WARN_64_TO_32_BIT_CONVERSION = YES;
				GCC_WARN_ABOUT_RETURN_TYPE = YES_ERROR;
				GCC_WARN_UNDECLARED_SELECTOR = YES;
				GCC_WARN_UNINITIALIZED_AUTOS = YES_AGGRESSIVE;
				GCC_WARN_UNUSED_FUNCTION = YES;
				GCC_WARN_UNUSED_VARIABLE = YES;
				IPHONEOS_DEPLOYMENT_TARGET = 17.2;
				LOCALIZATION_PREFERS_STRING_CATALOGS = YES;
				MTL_ENABLE_DEBUG_INFO = NO;
				MTL_FAST_MATH = YES;
				SDKROOT = iphoneos;
				SWIFT_COMPILATION_MODE = wholemodule;
				VALIDATE_PRODUCT = YES;
			};
			name = Release;
		};
		B56632D62C723F8200AD85A1 /* Debug */ = {
			isa = XCBuildConfiguration;
			baseConfigurationReference = B56632F62C72451600AD85A1 /* Secrets.xcconfig */;
			buildSettings = {
				ASSETCATALOG_COMPILER_APPICON_NAME = AppIcon;
				ASSETCATALOG_COMPILER_GLOBAL_ACCENT_COLOR_NAME = AccentColor;
				CODE_SIGN_STYLE = Automatic;
				CURRENT_PROJECT_VERSION = 1;
				GENERATE_INFOPLIST_FILE = YES;
				INFOPLIST_FILE = ExBookLibrary/Info.plist;
				INFOPLIST_KEY_UIApplicationSupportsIndirectInputEvents = YES;
				INFOPLIST_KEY_UILaunchStoryboardName = LaunchScreen;
				INFOPLIST_KEY_UISupportedInterfaceOrientations = UIInterfaceOrientationPortrait;
				INFOPLIST_KEY_UISupportedInterfaceOrientations_iPad = "UIInterfaceOrientationLandscapeLeft UIInterfaceOrientationLandscapeRight UIInterfaceOrientationPortrait UIInterfaceOrientationPortraitUpsideDown";
				IPHONEOS_DEPLOYMENT_TARGET = 16.0;
				LD_RUNPATH_SEARCH_PATHS = (
					"$(inherited)",
					"@executable_path/Frameworks",
				);
				MARKETING_VERSION = 1.0;
				PRODUCT_BUNDLE_IDENTIFIER = com.arex.ExBookLibrary;
				PRODUCT_NAME = "$(TARGET_NAME)";
				SUPPORTED_PLATFORMS = "iphoneos iphonesimulator";
				SUPPORTS_MACCATALYST = NO;
				SUPPORTS_MAC_DESIGNED_FOR_IPHONE_IPAD = NO;
				SUPPORTS_XR_DESIGNED_FOR_IPHONE_IPAD = NO;
				SWIFT_EMIT_LOC_STRINGS = YES;
				SWIFT_VERSION = 5.0;
				TARGETED_DEVICE_FAMILY = 1;
			};
			name = Debug;
		};
		B56632D72C723F8200AD85A1 /* Release */ = {
			isa = XCBuildConfiguration;
			buildSettings = {
				ASSETCATALOG_COMPILER_APPICON_NAME = AppIcon;
				ASSETCATALOG_COMPILER_GLOBAL_ACCENT_COLOR_NAME = AccentColor;
				CODE_SIGN_STYLE = Automatic;
				CURRENT_PROJECT_VERSION = 1;
				GENERATE_INFOPLIST_FILE = YES;
				INFOPLIST_FILE = ExBookLibrary/Info.plist;
				INFOPLIST_KEY_UIApplicationSupportsIndirectInputEvents = YES;
				INFOPLIST_KEY_UILaunchStoryboardName = LaunchScreen;
				INFOPLIST_KEY_UISupportedInterfaceOrientations = UIInterfaceOrientationPortrait;
				INFOPLIST_KEY_UISupportedInterfaceOrientations_iPad = "UIInterfaceOrientationLandscapeLeft UIInterfaceOrientationLandscapeRight UIInterfaceOrientationPortrait UIInterfaceOrientationPortraitUpsideDown";
				IPHONEOS_DEPLOYMENT_TARGET = 16.0;
				LD_RUNPATH_SEARCH_PATHS = (
					"$(inherited)",
					"@executable_path/Frameworks",
				);
				MARKETING_VERSION = 1.0;
				PRODUCT_BUNDLE_IDENTIFIER = com.arex.ExBookLibrary;
				PRODUCT_NAME = "$(TARGET_NAME)";
				SUPPORTED_PLATFORMS = "iphoneos iphonesimulator";
				SUPPORTS_MACCATALYST = NO;
				SUPPORTS_MAC_DESIGNED_FOR_IPHONE_IPAD = NO;
				SUPPORTS_XR_DESIGNED_FOR_IPHONE_IPAD = NO;
				SWIFT_EMIT_LOC_STRINGS = YES;
				SWIFT_VERSION = 5.0;
				TARGETED_DEVICE_FAMILY = 1;
			};
			name = Release;
		};
/* End XCBuildConfiguration section */

/* Begin XCConfigurationList section */
		B56632BF2C723F8100AD85A1 /* Build configuration list for PBXProject "ExBookLibrary" */ = {
			isa = XCConfigurationList;
			buildConfigurations = (
				B56632D32C723F8200AD85A1 /* Debug */,
				B56632D42C723F8200AD85A1 /* Release */,
			);
			defaultConfigurationIsVisible = 0;
			defaultConfigurationName = Release;
		};
		B56632D52C723F8200AD85A1 /* Build configuration list for PBXNativeTarget "ExBookLibrary" */ = {
			isa = XCConfigurationList;
			buildConfigurations = (
				B56632D62C723F8200AD85A1 /* Debug */,
				B56632D72C723F8200AD85A1 /* Release */,
			);
			defaultConfigurationIsVisible = 0;
			defaultConfigurationName = Release;
		};
/* End XCConfigurationList section */
	};
	rootObject = B56632BC2C723F8100AD85A1 /* Project object */;
}
